
Microsoft Visual Studio Solution File, Format Version 12.00
# Visual Studio Version 17
VisualStudioVersion = 17.4.33122.133
MinimumVisualStudioVersion = 10.0.40219.1
Project("{FAE04EC0-301F-11D3-BF4B-00C04F79EFBC}") = "RemadeRestaurant", "RemadeRestaurant.csproj", "{D582BEB5-8DB0-439C-8F85-59CDCEB2F6B0}"
EndProject
Global
	GlobalSection(SolutionConfigurationPlatforms) = preSolution
		Debug|Any CPU = Debug|Any CPU
		Release|Any CPU = Release|Any CPU
	EndGlobalSection
	GlobalSection(ProjectConfigurationPlatforms) = postSolution
		{D582BEB5-8DB0-439C-8F85-59CDCEB2F6B0}.Debug|Any CPU.ActiveCfg = Debug|Any CPU
		{D582BEB5-8DB0-439C-8F85-59CDCEB2F6B0}.Debug|Any CPU.Build.0 = Debug|Any CPU
		{D582BEB5-8DB0-439C-8F85-59CDCEB2F6B0}.Release|Any CPU.ActiveCfg = Release|Any CPU
		{D582BEB5-8DB0-439C-8F85-59CDCEB2F6B0}.Release|Any CPU.Build.0 = Release|Any CPU
	EndGlobalSection
	GlobalSection(SolutionProperties) = preSolution
		HideSolutionNode = FALSE
	EndGlobalSection
	GlobalSection(ExtensibilityGlobals) = postSolution
		SolutionGuid = {BF491681-9B0C-4B8D-B0C7-8D3EF7127E50}
	EndGlobalSection
EndGlobal
